<Solution>
  <Project Path="Photon.Realtime.csproj" />
  <Project Path="Quantum.Simulation.csproj" />
  <Project Path="Quantum.Unity.Editor.csproj" />
  <Project Path="Assembly-CSharp.csproj" />
  <Project Path="Quantum.Unity.csproj" />
  <Project Path="Assembly-CSharp-firstpass.csproj" />
  <Project Path="Tayx.Graphy.Editor.csproj" />
  <Project Path="Tayx.Graphy.csproj" />
  <Project Path="Sych.ShareAssets.Runtime.csproj" />
  <Project Path="Assembly-CSharp-Editor.csproj" />
  <Project Path="Quantum.Unity.Editor.CodeGen.csproj" />
  <Project Path="Sych.ShareAssets.Editor.csproj" />
  <Project Path="Sych.ShareAssets.Runtime.iOS.csproj" />
  <Project Path="Sych.ShareAssets.Runtime.Android.csproj" />
</Solution>
